// !$*UTF8*$!
{
	archiveVersion = 1;
	classes = {
	};
	objectVersion = 50;
	objects = {

/* Begin PBXBuildFile section */
		A3095271224E36260001C48A /* AppDelegate.swift in Sources */ = {isa = PBXBuildFile; fileRef = A3095270224E36260001C48A /* AppDelegate.swift */; };
		A3095273224E36260001C48A /* FirstScreen.swift in Sources */ = {isa = PBXBuildFile; fileRef = A3095272224E36260001C48A /* FirstScreen.swift */; };
		A3095276224E36260001C48A /* Login.storyboard in Resources */ = {isa = PBXBuildFile; fileRef = A3095274224E36260001C48A /* Login.storyboard */; };
		A3095278224E36280001C48A /* Assets.xcassets in Resources */ = {isa = PBXBuildFile; fileRef = A3095277224E36280001C48A /* Assets.xcassets */; };
		A309527B224E36280001C48A /* LaunchScreen.storyboard in Resources */ = {isa = PBXBuildFile; fileRef = A3095279224E36280001C48A /* LaunchScreen.storyboard */; };
		A3095283224E40C20001C48A /* LoginSignUpButtonStyle.swift in Sources */ = {isa = PBXBuildFile; fileRef = A3095282224E40C20001C48A /* LoginSignUpButtonStyle.swift */; };
		A30E0F472252530F00BD8440 /* ResponseHandlerForLogin.swift in Sources */ = {isa = PBXBuildFile; fileRef = A30E0F462252530F00BD8440 /* ResponseHandlerForLogin.swift */; };
		A30E0F4E2253356300BD8440 /* UserRegistration.swift in Sources */ = {isa = PBXBuildFile; fileRef = A30E0F4D2253356300BD8440 /* UserRegistration.swift */; };
		A30E0F522253531300BD8440 /* User.swift in Sources */ = {isa = PBXBuildFile; fileRef = A30E0F512253531300BD8440 /* User.swift */; };
		A30E0F542253539E00BD8440 /* FirebaseManager.swift in Sources */ = {isa = PBXBuildFile; fileRef = A30E0F532253539E00BD8440 /* FirebaseManager.swift */; };
		A30E0F642253A0E100BD8440 /* GoogleService-Info.plist in Resources */ = {isa = PBXBuildFile; fileRef = A30E0F632253A0E100BD8440 /* GoogleService-Info.plist */; };
		A3291EA3225204F3004B8DEA /* UserCredentials.swift in Sources */ = {isa = PBXBuildFile; fileRef = A3291EA2225204F3004B8DEA /* UserCredentials.swift */; };
		A3291EA522520701004B8DEA /* UserProfile.swift in Sources */ = {isa = PBXBuildFile; fileRef = A3291EA422520701004B8DEA /* UserProfile.swift */; };
		A3291EA722521150004B8DEA /* PhoneNumber.swift in Sources */ = {isa = PBXBuildFile; fileRef = A3291EA622521150004B8DEA /* PhoneNumber.swift */; };
		A3291EA922521193004B8DEA /* DeviceInfo.swift in Sources */ = {isa = PBXBuildFile; fileRef = A3291EA822521193004B8DEA /* DeviceInfo.swift */; };
		A3291EAB225226D7004B8DEA /* LoginApiHitManager.swift in Sources */ = {isa = PBXBuildFile; fileRef = A3291EAA225226D7004B8DEA /* LoginApiHitManager.swift */; };
		A33F0ACF22548174006ABEAE /* SignUpOptionsViewController.swift in Sources */ = {isa = PBXBuildFile; fileRef = A33F0ACE22548174006ABEAE /* SignUpOptionsViewController.swift */; };
		A33F0AD3225494FB006ABEAE /* FontOfButton.swift in Sources */ = {isa = PBXBuildFile; fileRef = A33F0AD2225494FB006ABEAE /* FontOfButton.swift */; };
		A33F0AD722549EF5006ABEAE /* onBoardVideo.gif in Resources */ = {isa = PBXBuildFile; fileRef = A33F0AD622549EF5006ABEAE /* onBoardVideo.gif */; };
		A33F0AD92254B55F006ABEAE /* SignUpView.swift in Sources */ = {isa = PBXBuildFile; fileRef = A33F0AD82254B55F006ABEAE /* SignUpView.swift */; };
		A33F0ADC2254BD53006ABEAE /* countries.xml in Resources */ = {isa = PBXBuildFile; fileRef = A33F0ADB2254BD53006ABEAE /* countries.xml */; };
		A33F0ADE2254C1E3006ABEAE /* XMLParser.swift in Sources */ = {isa = PBXBuildFile; fileRef = A33F0ADD2254C1E3006ABEAE /* XMLParser.swift */; };
		A33F0AE12254C460006ABEAE /* Country.swift in Sources */ = {isa = PBXBuildFile; fileRef = A33F0AE02254C460006ABEAE /* Country.swift */; };
		A33F0AE32254C57B006ABEAE /* CountryCode.swift in Sources */ = {isa = PBXBuildFile; fileRef = A33F0AE22254C57B006ABEAE /* CountryCode.swift */; };
		A366D8AF2254EB330050E72D /* ccButtonDesign.swift in Sources */ = {isa = PBXBuildFile; fileRef = A366D8AE2254EB330050E72D /* ccButtonDesign.swift */; };
		A366D8B12254ECB50050E72D /* SocialMediaButtonDesign.swift in Sources */ = {isa = PBXBuildFile; fileRef = A366D8B02254ECB50050E72D /* SocialMediaButtonDesign.swift */; };
		A37A4DAA2255D68000776258 /* EnterOtp.swift in Sources */ = {isa = PBXBuildFile; fileRef = A37A4DA92255D68000776258 /* EnterOtp.swift */; };
		A37A4DAC2255DCE300776258 /* SignUp.storyboard in Resources */ = {isa = PBXBuildFile; fileRef = A37A4DAB2255DCE300776258 /* SignUp.storyboard */; };
		A37A4DAE2255DEDA00776258 /* StoryBoards.swift in Sources */ = {isa = PBXBuildFile; fileRef = A37A4DAD2255DEDA00776258 /* StoryBoards.swift */; };
		A37A4DB02255EC6B00776258 /* Prefix.swift in Sources */ = {isa = PBXBuildFile; fileRef = A37A4DAF2255EC6B00776258 /* Prefix.swift */; };
		A37A4DB322560CAB00776258 /* FBSDKCoreKit.framework in Frameworks */ = {isa = PBXBuildFile; fileRef = A37A4DB122560CAA00776258 /* FBSDKCoreKit.framework */; };
		A37A4DB422560CAB00776258 /* FBSDKLoginKit.framework in Frameworks */ = {isa = PBXBuildFile; fileRef = A37A4DB222560CAB00776258 /* FBSDKLoginKit.framework */; };
		A37A4DBA22561DD900776258 /* FBManager.swift in Sources */ = {isa = PBXBuildFile; fileRef = A37A4DB922561DD900776258 /* FBManager.swift */; };
		A389D6B52256473F00D86567 /* PutOtp.swift in Sources */ = {isa = PBXBuildFile; fileRef = A389D6B42256473F00D86567 /* PutOtp.swift */; };
		A389D6B72256491C00D86567 /* UserDataController.swift in Sources */ = {isa = PBXBuildFile; fileRef = A389D6B62256491C00D86567 /* UserDataController.swift */; };
		A389D6BA2256858800D86567 /* RegistrationManager.swift in Sources */ = {isa = PBXBuildFile; fileRef = A389D6B92256858800D86567 /* RegistrationManager.swift */; };
		A389D6BE2256ABBD00D86567 /* LoggedInUser.storyboard in Resources */ = {isa = PBXBuildFile; fileRef = A389D6BD2256ABBD00D86567 /* LoggedInUser.storyboard */; };
		A389D6C02256AC6B00D86567 /* HomeScreen.swift in Sources */ = {isa = PBXBuildFile; fileRef = A389D6BF2256AC6B00D86567 /* HomeScreen.swift */; };
		A3AD653A2258910C003FE2D8 /* Default-568h@2x.png in Resources */ = {isa = PBXBuildFile; fileRef = A3AD65392258910C003FE2D8 /* Default-568h@2x.png */; };
		A3B0CA8122576AD900C1BD81 /* LinkedinManager.swift in Sources */ = {isa = PBXBuildFile; fileRef = A3B0CA8022576AD900C1BD81 /* LinkedinManager.swift */; };
		A3C6BDD7224F458B0018007A /* APIRequests.swift in Sources */ = {isa = PBXBuildFile; fileRef = A3C6BDD6224F458B0018007A /* APIRequests.swift */; };
		A3C6BE14224FCFD90018007A /* LoginScreen.swift in Sources */ = {isa = PBXBuildFile; fileRef = A3C6BE13224FCFD90018007A /* LoginScreen.swift */; };
		FFBBC20669123A3DAEF75D6E /* Pods_MentorzLoginSignUpFlow.framework in Frameworks */ = {isa = PBXBuildFile; fileRef = 1DA700D08DD8E6AFE1CBA495 /* Pods_MentorzLoginSignUpFlow.framework */; };
/* End PBXBuildFile section */

/* Begin PBXFileReference section */
		1DA700D08DD8E6AFE1CBA495 /* Pods_MentorzLoginSignUpFlow.framework */ = {isa = PBXFileReference; explicitFileType = wrapper.framework; includeInIndex = 0; path = Pods_MentorzLoginSignUpFlow.framework; sourceTree = BUILT_PRODUCTS_DIR; };
		67B4B3800E41AF89CC77D446 /* Pods-MentorzLoginSignUpFlow.release.xcconfig */ = {isa = PBXFileReference; includeInIndex = 1; lastKnownFileType = text.xcconfig; name = "Pods-MentorzLoginSignUpFlow.release.xcconfig"; path = "Target Support Files/Pods-MentorzLoginSignUpFlow/Pods-MentorzLoginSignUpFlow.release.xcconfig"; sourceTree = "<group>"; };
		A309526D224E36260001C48A /* MentorzLoginSignUpFlow.app */ = {isa = PBXFileReference; explicitFileType = wrapper.application; includeInIndex = 0; path = MentorzLoginSignUpFlow.app; sourceTree = BUILT_PRODUCTS_DIR; };
		A3095270224E36260001C48A /* AppDelegate.swift */ = {isa = PBXFileReference; lastKnownFileType = sourcecode.swift; path = AppDelegate.swift; sourceTree = "<group>"; };
		A3095272224E36260001C48A /* FirstScreen.swift */ = {isa = PBXFileReference; lastKnownFileType = sourcecode.swift; path = FirstScreen.swift; sourceTree = "<group>"; };
		A3095275224E36260001C48A /* Base */ = {isa = PBXFileReference; lastKnownFileType = file.storyboard; name = Base; path = Base.lproj/Login.storyboard; sourceTree = "<group>"; };
		A3095277224E36280001C48A /* Assets.xcassets */ = {isa = PBXFileReference; lastKnownFileType = folder.assetcatalog; path = Assets.xcassets; sourceTree = "<group>"; };
		A309527A224E36280001C48A /* Base */ = {isa = PBXFileReference; lastKnownFileType = file.storyboard; name = Base; path = Base.lproj/LaunchScreen.storyboard; sourceTree = "<group>"; };
		A309527C224E36280001C48A /* Info.plist */ = {isa = PBXFileReference; lastKnownFileType = text.plist.xml; path = Info.plist; sourceTree = "<group>"; };
		A3095282224E40C20001C48A /* LoginSignUpButtonStyle.swift */ = {isa = PBXFileReference; lastKnownFileType = sourcecode.swift; path = LoginSignUpButtonStyle.swift; sourceTree = "<group>"; };
		A30E0F462252530F00BD8440 /* ResponseHandlerForLogin.swift */ = {isa = PBXFileReference; lastKnownFileType = sourcecode.swift; path = ResponseHandlerForLogin.swift; sourceTree = "<group>"; };
		A30E0F4D2253356300BD8440 /* UserRegistration.swift */ = {isa = PBXFileReference; lastKnownFileType = sourcecode.swift; path = UserRegistration.swift; sourceTree = "<group>"; };
		A30E0F512253531300BD8440 /* User.swift */ = {isa = PBXFileReference; lastKnownFileType = sourcecode.swift; path = User.swift; sourceTree = "<group>"; };
		A30E0F532253539E00BD8440 /* FirebaseManager.swift */ = {isa = PBXFileReference; lastKnownFileType = sourcecode.swift; path = FirebaseManager.swift; sourceTree = "<group>"; };
		A30E0F60225392F500BD8440 /* MentorzLoginSignUpFlow.entitlements */ = {isa = PBXFileReference; lastKnownFileType = text.plist.entitlements; path = MentorzLoginSignUpFlow.entitlements; sourceTree = "<group>"; };
		A30E0F632253A0E100BD8440 /* GoogleService-Info.plist */ = {isa = PBXFileReference; fileEncoding = 4; lastKnownFileType = text.plist.xml; path = "GoogleService-Info.plist"; sourceTree = "<group>"; };
		A3291EA2225204F3004B8DEA /* UserCredentials.swift */ = {isa = PBXFileReference; lastKnownFileType = sourcecode.swift; path = UserCredentials.swift; sourceTree = "<group>"; };
		A3291EA422520701004B8DEA /* UserProfile.swift */ = {isa = PBXFileReference; lastKnownFileType = sourcecode.swift; path = UserProfile.swift; sourceTree = "<group>"; };
		A3291EA622521150004B8DEA /* PhoneNumber.swift */ = {isa = PBXFileReference; lastKnownFileType = sourcecode.swift; path = PhoneNumber.swift; sourceTree = "<group>"; };
		A3291EA822521193004B8DEA /* DeviceInfo.swift */ = {isa = PBXFileReference; lastKnownFileType = sourcecode.swift; path = DeviceInfo.swift; sourceTree = "<group>"; };
		A3291EAA225226D7004B8DEA /* LoginApiHitManager.swift */ = {isa = PBXFileReference; lastKnownFileType = sourcecode.swift; path = LoginApiHitManager.swift; sourceTree = "<group>"; };
		A33F0ACE22548174006ABEAE /* SignUpOptionsViewController.swift */ = {isa = PBXFileReference; lastKnownFileType = sourcecode.swift; path = SignUpOptionsViewController.swift; sourceTree = "<group>"; };
		A33F0AD2225494FB006ABEAE /* FontOfButton.swift */ = {isa = PBXFileReference; lastKnownFileType = sourcecode.swift; path = FontOfButton.swift; sourceTree = "<group>"; };
		A33F0AD622549EF5006ABEAE /* onBoardVideo.gif */ = {isa = PBXFileReference; lastKnownFileType = image.gif; path = onBoardVideo.gif; sourceTree = "<group>"; };
		A33F0AD82254B55F006ABEAE /* SignUpView.swift */ = {isa = PBXFileReference; lastKnownFileType = sourcecode.swift; path = SignUpView.swift; sourceTree = "<group>"; };
		A33F0ADB2254BD53006ABEAE /* countries.xml */ = {isa = PBXFileReference; fileEncoding = 4; lastKnownFileType = text.xml; path = countries.xml; sourceTree = "<group>"; };
		A33F0ADD2254C1E3006ABEAE /* XMLParser.swift */ = {isa = PBXFileReference; lastKnownFileType = sourcecode.swift; path = XMLParser.swift; sourceTree = "<group>"; };
		A33F0AE02254C460006ABEAE /* Country.swift */ = {isa = PBXFileReference; lastKnownFileType = sourcecode.swift; path = Country.swift; sourceTree = "<group>"; };
		A33F0AE22254C57B006ABEAE /* CountryCode.swift */ = {isa = PBXFileReference; lastKnownFileType = sourcecode.swift; path = CountryCode.swift; sourceTree = "<group>"; };
		A366D8AE2254EB330050E72D /* ccButtonDesign.swift */ = {isa = PBXFileReference; lastKnownFileType = sourcecode.swift; path = ccButtonDesign.swift; sourceTree = "<group>"; };
		A366D8B02254ECB50050E72D /* SocialMediaButtonDesign.swift */ = {isa = PBXFileReference; lastKnownFileType = sourcecode.swift; path = SocialMediaButtonDesign.swift; sourceTree = "<group>"; };
		A37A4DA92255D68000776258 /* EnterOtp.swift */ = {isa = PBXFileReference; lastKnownFileType = sourcecode.swift; path = EnterOtp.swift; sourceTree = "<group>"; };
		A37A4DAB2255DCE300776258 /* SignUp.storyboard */ = {isa = PBXFileReference; lastKnownFileType = file.storyboard; path = SignUp.storyboard; sourceTree = "<group>"; };
		A37A4DAD2255DEDA00776258 /* StoryBoards.swift */ = {isa = PBXFileReference; lastKnownFileType = sourcecode.swift; path = StoryBoards.swift; sourceTree = "<group>"; };
		A37A4DAF2255EC6B00776258 /* Prefix.swift */ = {isa = PBXFileReference; lastKnownFileType = sourcecode.swift; path = Prefix.swift; sourceTree = "<group>"; };
		A37A4DB122560CAA00776258 /* FBSDKCoreKit.framework */ = {isa = PBXFileReference; lastKnownFileType = wrapper.framework; path = FBSDKCoreKit.framework; sourceTree = "<group>"; };
		A37A4DB222560CAB00776258 /* FBSDKLoginKit.framework */ = {isa = PBXFileReference; lastKnownFileType = wrapper.framework; path = FBSDKLoginKit.framework; sourceTree = "<group>"; };
		A37A4DB5225611C000776258 /* MentorzLoginSignUpFlow-Bridging-Header.h */ = {isa = PBXFileReference; lastKnownFileType = sourcecode.c.h; path = "MentorzLoginSignUpFlow-Bridging-Header.h"; sourceTree = "<group>"; };
		A37A4DB922561DD900776258 /* FBManager.swift */ = {isa = PBXFileReference; lastKnownFileType = sourcecode.swift; path = FBManager.swift; sourceTree = "<group>"; };
		A389D6B42256473F00D86567 /* PutOtp.swift */ = {isa = PBXFileReference; lastKnownFileType = sourcecode.swift; path = PutOtp.swift; sourceTree = "<group>"; };
		A389D6B62256491C00D86567 /* UserDataController.swift */ = {isa = PBXFileReference; lastKnownFileType = sourcecode.swift; path = UserDataController.swift; sourceTree = "<group>"; };
		A389D6B92256858800D86567 /* RegistrationManager.swift */ = {isa = PBXFileReference; lastKnownFileType = sourcecode.swift; path = RegistrationManager.swift; sourceTree = "<group>"; };
		A389D6BD2256ABBD00D86567 /* LoggedInUser.storyboard */ = {isa = PBXFileReference; lastKnownFileType = file.storyboard; path = LoggedInUser.storyboard; sourceTree = "<group>"; };
		A389D6BF2256AC6B00D86567 /* HomeScreen.swift */ = {isa = PBXFileReference; lastKnownFileType = sourcecode.swift; path = HomeScreen.swift; sourceTree = "<group>"; };
		A3AD653622588F6D003FE2D8 /* NSMutableArray+LinkedInLoginFile.h */ = {isa = PBXFileReference; lastKnownFileType = sourcecode.c.h; path = "NSMutableArray+LinkedInLoginFile.h"; sourceTree = "<group>"; };
		A3AD65392258910C003FE2D8 /* Default-568h@2x.png */ = {isa = PBXFileReference; lastKnownFileType = image.png; path = "Default-568h@2x.png"; sourceTree = "<group>"; };
		A3B0CA8022576AD900C1BD81 /* LinkedinManager.swift */ = {isa = PBXFileReference; lastKnownFileType = sourcecode.swift; path = LinkedinManager.swift; sourceTree = "<group>"; };
		A3C6BDD6224F458B0018007A /* APIRequests.swift */ = {isa = PBXFileReference; lastKnownFileType = sourcecode.swift; path = APIRequests.swift; sourceTree = "<group>"; };
		A3C6BE13224FCFD90018007A /* LoginScreen.swift */ = {isa = PBXFileReference; lastKnownFileType = sourcecode.swift; path = LoginScreen.swift; sourceTree = "<group>"; };
		E8F32A1EC6953DDEE05D930C /* Pods-MentorzLoginSignUpFlow.debug.xcconfig */ = {isa = PBXFileReference; includeInIndex = 1; lastKnownFileType = text.xcconfig; name = "Pods-MentorzLoginSignUpFlow.debug.xcconfig"; path = "Target Support Files/Pods-MentorzLoginSignUpFlow/Pods-MentorzLoginSignUpFlow.debug.xcconfig"; sourceTree = "<group>"; };
/* End PBXFileReference section */

/* Begin PBXFrameworksBuildPhase section */
		A309526A224E36260001C48A /* Frameworks */ = {
			isa = PBXFrameworksBuildPhase;
			buildActionMask = 2147483647;
			files = (
				FFBBC20669123A3DAEF75D6E /* Pods_MentorzLoginSignUpFlow.framework in Frameworks */,
				A37A4DB322560CAB00776258 /* FBSDKCoreKit.framework in Frameworks */,
				A37A4DB422560CAB00776258 /* FBSDKLoginKit.framework in Frameworks */,
			);
			runOnlyForDeploymentPostprocessing = 0;
		};
/* End PBXFrameworksBuildPhase section */

/* Begin PBXGroup section */
		A3095264224E36260001C48A = {
			isa = PBXGroup;
			children = (
				A3AD65392258910C003FE2D8 /* Default-568h@2x.png */,
				A309526F224E36260001C48A /* MentorzLoginSignUpFlow */,
				A309526E224E36260001C48A /* Products */,
				EA5F20DB191A2D397683518A /* Pods */,
				F9837537EF31E3173F7CEB42 /* Frameworks */,
			);
			sourceTree = "<group>";
		};
		A309526E224E36260001C48A /* Products */ = {
			isa = PBXGroup;
			children = (
				A309526D224E36260001C48A /* MentorzLoginSignUpFlow.app */,
			);
			name = Products;
			sourceTree = "<group>";
		};
		A309526F224E36260001C48A /* MentorzLoginSignUpFlow */ = {
			isa = PBXGroup;
			children = (
				A30E0F60225392F500BD8440 /* MentorzLoginSignUpFlow.entitlements */,
				A30E0F5A2253695E00BD8440 /* Model */,
				A30E0F59225368E500BD8440 /* Resources */,
				A30E0F582253684A00BD8440 /* Application */,
				A30E0F572253683800BD8440 /* Networking */,
				A30E0F562253681800BD8440 /* Controller */,
				A30E0F552253681000BD8440 /* Views */,
				A30E0F4C2253351A00BD8440 /* Registration */,
				A389D6B82256854E00D86567 /* Register */,
				A30E0F482253348900BD8440 /* Login */,
				A3095279224E36280001C48A /* LaunchScreen.storyboard */,
				A30E0F632253A0E100BD8440 /* GoogleService-Info.plist */,
				A309527C224E36280001C48A /* Info.plist */,
				A37A4DB122560CAA00776258 /* FBSDKCoreKit.framework */,
				A37A4DB222560CAB00776258 /* FBSDKLoginKit.framework */,
				A37A4DAF2255EC6B00776258 /* Prefix.swift */,
				A37A4DB5225611C000776258 /* MentorzLoginSignUpFlow-Bridging-Header.h */,
				A3B0CA8022576AD900C1BD81 /* LinkedinManager.swift */,
				A37A4DB922561DD900776258 /* FBManager.swift */,
				A3AD653622588F6D003FE2D8 /* NSMutableArray+LinkedInLoginFile.h */,
			);
			path = MentorzLoginSignUpFlow;
			sourceTree = "<group>";
		};
		A30E0F482253348900BD8440 /* Login */ = {
			isa = PBXGroup;
			children = (
				A3291EA2225204F3004B8DEA /* UserCredentials.swift */,
				A3291EA622521150004B8DEA /* PhoneNumber.swift */,
				A3291EA422520701004B8DEA /* UserProfile.swift */,
				A3291EA822521193004B8DEA /* DeviceInfo.swift */,
			);
			path = Login;
			sourceTree = "<group>";
		};
		A30E0F4C2253351A00BD8440 /* Registration */ = {
			isa = PBXGroup;
			children = (
				A30E0F4D2253356300BD8440 /* UserRegistration.swift */,
				A30E0F532253539E00BD8440 /* FirebaseManager.swift */,
			);
			path = Registration;
			sourceTree = "<group>";
		};
		A30E0F552253681000BD8440 /* Views */ = {
			isa = PBXGroup;
			children = (
				A3095274224E36260001C48A /* Login.storyboard */,
				A33F0AE02254C460006ABEAE /* Country.swift */,
				A3095272224E36260001C48A /* FirstScreen.swift */,
				A3095282224E40C20001C48A /* LoginSignUpButtonStyle.swift */,
				A33F0ACE22548174006ABEAE /* SignUpOptionsViewController.swift */,
				A33F0AD2225494FB006ABEAE /* FontOfButton.swift */,
				A33F0AD82254B55F006ABEAE /* SignUpView.swift */,
				A33F0ADD2254C1E3006ABEAE /* XMLParser.swift */,
				A33F0AE22254C57B006ABEAE /* CountryCode.swift */,
				A366D8AE2254EB330050E72D /* ccButtonDesign.swift */,
				A366D8B02254ECB50050E72D /* SocialMediaButtonDesign.swift */,
				A37A4DA92255D68000776258 /* EnterOtp.swift */,
				A37A4DAB2255DCE300776258 /* SignUp.storyboard */,
				A389D6B42256473F00D86567 /* PutOtp.swift */,
				A3C6BE13224FCFD90018007A /* LoginScreen.swift */,
				A389D6BD2256ABBD00D86567 /* LoggedInUser.storyboard */,
				A389D6BF2256AC6B00D86567 /* HomeScreen.swift */,
			);
			path = Views;
			sourceTree = "<group>";
		};
		A30E0F562253681800BD8440 /* Controller */ = {
			isa = PBXGroup;
			children = (
				A389D6B62256491C00D86567 /* UserDataController.swift */,
			);
			path = Controller;
			sourceTree = "<group>";
		};
		A30E0F572253683800BD8440 /* Networking */ = {
			isa = PBXGroup;
			children = (
				A3291EAA225226D7004B8DEA /* LoginApiHitManager.swift */,
				A30E0F462252530F00BD8440 /* ResponseHandlerForLogin.swift */,
				A3C6BDD6224F458B0018007A /* APIRequests.swift */,
			);
			path = Networking;
			sourceTree = "<group>";
		};
		A30E0F582253684A00BD8440 /* Application */ = {
			isa = PBXGroup;
			children = (
				A3095270224E36260001C48A /* AppDelegate.swift */,
				A37A4DAD2255DEDA00776258 /* StoryBoards.swift */,
			);
			path = Application;
			sourceTree = "<group>";
		};
		A30E0F59225368E500BD8440 /* Resources */ = {
			isa = PBXGroup;
			children = (
				A33F0ADA2254BD53006ABEAE /* XML */,
				A33F0AD522549ECC006ABEAE /* images */,
				A3095277224E36280001C48A /* Assets.xcassets */,
				A33F0ADB2254BD53006ABEAE /* countries.xml */,
			);
			path = Resources;
			sourceTree = "<group>";
		};
		A30E0F5A2253695E00BD8440 /* Model */ = {
			isa = PBXGroup;
			children = (
				A30E0F512253531300BD8440 /* User.swift */,
			);
			path = Model;
			sourceTree = "<group>";
		};
		A33F0AD522549ECC006ABEAE /* images */ = {
			isa = PBXGroup;
			children = (
				A33F0AD622549EF5006ABEAE /* onBoardVideo.gif */,
			);
			path = images;
			sourceTree = "<group>";
		};
		A33F0ADA2254BD53006ABEAE /* XML */ = {
			isa = PBXGroup;
			children = (
			);
			path = XML;
			sourceTree = "<group>";
		};
		A389D6B82256854E00D86567 /* Register */ = {
			isa = PBXGroup;
			children = (
				A389D6B92256858800D86567 /* RegistrationManager.swift */,
			);
			path = Register;
			sourceTree = "<group>";
		};
		EA5F20DB191A2D397683518A /* Pods */ = {
			isa = PBXGroup;
			children = (
				E8F32A1EC6953DDEE05D930C /* Pods-MentorzLoginSignUpFlow.debug.xcconfig */,
				67B4B3800E41AF89CC77D446 /* Pods-MentorzLoginSignUpFlow.release.xcconfig */,
			);
			path = Pods;
			sourceTree = "<group>";
		};
		F9837537EF31E3173F7CEB42 /* Frameworks */ = {
			isa = PBXGroup;
			children = (
				1DA700D08DD8E6AFE1CBA495 /* Pods_MentorzLoginSignUpFlow.framework */,
			);
			name = Frameworks;
			sourceTree = "<group>";
		};
/* End PBXGroup section */

/* Begin PBXNativeTarget section */
		A309526C224E36260001C48A /* MentorzLoginSignUpFlow */ = {
			isa = PBXNativeTarget;
			buildConfigurationList = A309527F224E36280001C48A /* Build configuration list for PBXNativeTarget "MentorzLoginSignUpFlow" */;
			buildPhases = (
				B7A0E75EA2903C3DD3122BA8 /* [CP] Check Pods Manifest.lock */,
				A3095269224E36260001C48A /* Sources */,
				A309526A224E36260001C48A /* Frameworks */,
				A309526B224E36260001C48A /* Resources */,
				E6E1911ED80BADCB3C3EBF0F /* [CP] Embed Pods Frameworks */,
			);
			buildRules = (
			);
			dependencies = (
			);
			name = MentorzLoginSignUpFlow;
			productName = MentorzLoginSignUpFlow;
			productReference = A309526D224E36260001C48A /* MentorzLoginSignUpFlow.app */;
			productType = "com.apple.product-type.application";
		};
/* End PBXNativeTarget section */

/* Begin PBXProject section */
		A3095265224E36260001C48A /* Project object */ = {
			isa = PBXProject;
			attributes = {
				LastSwiftUpdateCheck = 1010;
				LastUpgradeCheck = 1010;
				ORGANIZATIONNAME = craterzone;
				TargetAttributes = {
					A309526C224E36260001C48A = {
						CreatedOnToolsVersion = 10.1;
						LastSwiftMigration = 1010;
						SystemCapabilities = {
							com.apple.BackgroundModes = {
								enabled = 0;
							};
							com.apple.Push = {
								enabled = 1;
							};
						};
					};
				};
			};
			buildConfigurationList = A3095268224E36260001C48A /* Build configuration list for PBXProject "MentorzLoginSignUpFlow" */;
			compatibilityVersion = "Xcode 9.3";
			developmentRegion = en;
			hasScannedForEncodings = 0;
			knownRegions = (
				en,
				Base,
			);
			mainGroup = A3095264224E36260001C48A;
			productRefGroup = A309526E224E36260001C48A /* Products */;
			projectDirPath = "";
			projectRoot = "";
			targets = (
				A309526C224E36260001C48A /* MentorzLoginSignUpFlow */,
			);
		};
/* End PBXProject section */

/* Begin PBXResourcesBuildPhase section */
		A309526B224E36260001C48A /* Resources */ = {
			isa = PBXResourcesBuildPhase;
			buildActionMask = 2147483647;
			files = (
				A33F0ADC2254BD53006ABEAE /* countries.xml in Resources */,
				A309527B224E36280001C48A /* LaunchScreen.storyboard in Resources */,
				A3AD653A2258910C003FE2D8 /* Default-568h@2x.png in Resources */,
				A30E0F642253A0E100BD8440 /* GoogleService-Info.plist in Resources */,
				A37A4DAC2255DCE300776258 /* SignUp.storyboard in Resources */,
				A33F0AD722549EF5006ABEAE /* onBoardVideo.gif in Resources */,
				A3095278224E36280001C48A /* Assets.xcassets in Resources */,
				A389D6BE2256ABBD00D86567 /* LoggedInUser.storyboard in Resources */,
				A3095276224E36260001C48A /* Login.storyboard in Resources */,
			);
			runOnlyForDeploymentPostprocessing = 0;
		};
/* End PBXResourcesBuildPhase section */

/* Begin PBXShellScriptBuildPhase section */
		B7A0E75EA2903C3DD3122BA8 /* [CP] Check Pods Manifest.lock */ = {
			isa = PBXShellScriptBuildPhase;
			buildActionMask = 2147483647;
			files = (
			);
			inputFileListPaths = (
			);
			inputPaths = (
				"${PODS_PODFILE_DIR_PATH}/Podfile.lock",
				"${PODS_ROOT}/Manifest.lock",
			);
			name = "[CP] Check Pods Manifest.lock";
			outputFileListPaths = (
			);
			outputPaths = (
				"$(DERIVED_FILE_DIR)/Pods-MentorzLoginSignUpFlow-checkManifestLockResult.txt",
			);
			runOnlyForDeploymentPostprocessing = 0;
			shellPath = /bin/sh;
			shellScript = "diff \"${PODS_PODFILE_DIR_PATH}/Podfile.lock\" \"${PODS_ROOT}/Manifest.lock\" > /dev/null\nif [ $? != 0 ] ; then\n    # print error to STDERR\n    echo \"error: The sandbox is not in sync with the Podfile.lock. Run 'pod install' or update your CocoaPods installation.\" >&2\n    exit 1\nfi\n# This output is used by Xcode 'outputs' to avoid re-running this script phase.\necho \"SUCCESS\" > \"${SCRIPT_OUTPUT_FILE_0}\"\n";
			showEnvVarsInLog = 0;
		};
		E6E1911ED80BADCB3C3EBF0F /* [CP] Embed Pods Frameworks */ = {
			isa = PBXShellScriptBuildPhase;
			buildActionMask = 2147483647;
			files = (
			);
			inputFileListPaths = (
			);
			inputPaths = (
				"${PODS_ROOT}/Target Support Files/Pods-MentorzLoginSignUpFlow/Pods-MentorzLoginSignUpFlow-frameworks.sh",
				"${BUILT_PRODUCTS_DIR}/AFNetworking/AFNetworking.framework",
				"${BUILT_PRODUCTS_DIR}/Alamofire/Alamofire.framework",
				"${BUILT_PRODUCTS_DIR}/FLAnimatedImage/FLAnimatedImage.framework",
				"${BUILT_PRODUCTS_DIR}/GTMSessionFetcher/GTMSessionFetcher.framework",
				"${BUILT_PRODUCTS_DIR}/GoogleUtilities/GoogleUtilities.framework",
				"${BUILT_PRODUCTS_DIR}/IOSLinkedInAPIFix/IOSLinkedInAPIFix.framework",
				"${BUILT_PRODUCTS_DIR}/IQKeyboardManagerSwift/IQKeyboardManagerSwift.framework",
				"${BUILT_PRODUCTS_DIR}/LinkedinSwift/LinkedinSwift.framework",
				"${BUILT_PRODUCTS_DIR}/Moya/Moya.framework",
				"${BUILT_PRODUCTS_DIR}/ObjectMapper/ObjectMapper.framework",
				"${BUILT_PRODUCTS_DIR}/Result/Result.framework",
				"${BUILT_PRODUCTS_DIR}/SVProgressHUD/SVProgressHUD.framework",
				"${BUILT_PRODUCTS_DIR}/SwiftyGif/SwiftyGif.framework",
				"${BUILT_PRODUCTS_DIR}/nanopb/nanopb.framework",
			);
			name = "[CP] Embed Pods Frameworks";
			outputFileListPaths = (
			);
			outputPaths = (
				"${TARGET_BUILD_DIR}/${FRAMEWORKS_FOLDER_PATH}/AFNetworking.framework",
				"${TARGET_BUILD_DIR}/${FRAMEWORKS_FOLDER_PATH}/Alamofire.framework",
				"${TARGET_BUILD_DIR}/${FRAMEWORKS_FOLDER_PATH}/FLAnimatedImage.framework",
				"${TARGET_BUILD_DIR}/${FRAMEWORKS_FOLDER_PATH}/GTMSessionFetcher.framework",
				"${TARGET_BUILD_DIR}/${FRAMEWORKS_FOLDER_PATH}/GoogleUtilities.framework",
				"${TARGET_BUILD_DIR}/${FRAMEWORKS_FOLDER_PATH}/IOSLinkedInAPIFix.framework",
				"${TARGET_BUILD_DIR}/${FRAMEWORKS_FOLDER_PATH}/IQKeyboardManagerSwift.framework",
				"${TARGET_BUILD_DIR}/${FRAMEWORKS_FOLDER_PATH}/LinkedinSwift.framework",
				"${TARGET_BUILD_DIR}/${FRAMEWORKS_FOLDER_PATH}/Moya.framework",
				"${TARGET_BUILD_DIR}/${FRAMEWORKS_FOLDER_PATH}/ObjectMapper.framework",
				"${TARGET_BUILD_DIR}/${FRAMEWORKS_FOLDER_PATH}/Result.framework",
				"${TARGET_BUILD_DIR}/${FRAMEWORKS_FOLDER_PATH}/SVProgressHUD.framework",
				"${TARGET_BUILD_DIR}/${FRAMEWORKS_FOLDER_PATH}/SwiftyGif.framework",
				"${TARGET_BUILD_DIR}/${FRAMEWORKS_FOLDER_PATH}/nanopb.framework",
			);
			runOnlyForDeploymentPostprocessing = 0;
			shellPath = /bin/sh;
			shellScript = "\"${PODS_ROOT}/Target Support Files/Pods-MentorzLoginSignUpFlow/Pods-MentorzLoginSignUpFlow-frameworks.sh\"\n";
			showEnvVarsInLog = 0;
		};
/* End PBXShellScriptBuildPhase section */

/* Begin PBXSourcesBuildPhase section */
		A3095269224E36260001C48A /* Sources */ = {
			isa = PBXSourcesBuildPhase;
			buildActionMask = 2147483647;
			files = (
				A389D6BA2256858800D86567 /* RegistrationManager.swift in Sources */,
				A389D6C02256AC6B00D86567 /* HomeScreen.swift in Sources */,
				A30E0F522253531300BD8440 /* User.swift in Sources */,
				A3291EA3225204F3004B8DEA /* UserCredentials.swift in Sources */,
				A3C6BDD7224F458B0018007A /* APIRequests.swift in Sources */,
				A3095283224E40C20001C48A /* LoginSignUpButtonStyle.swift in Sources */,
				A37A4DBA22561DD900776258 /* FBManager.swift in Sources */,
				A389D6B72256491C00D86567 /* UserDataController.swift in Sources */,
				A30E0F4E2253356300BD8440 /* UserRegistration.swift in Sources */,
				A3095273224E36260001C48A /* FirstScreen.swift in Sources */,
				A30E0F542253539E00BD8440 /* FirebaseManager.swift in Sources */,
				A33F0ACF22548174006ABEAE /* SignUpOptionsViewController.swift in Sources */,
				A33F0AE32254C57B006ABEAE /* CountryCode.swift in Sources */,
				A33F0AE12254C460006ABEAE /* Country.swift in Sources */,
				A3291EAB225226D7004B8DEA /* LoginApiHitManager.swift in Sources */,
				A3095271224E36260001C48A /* AppDelegate.swift in Sources */,
				A3C6BE14224FCFD90018007A /* LoginScreen.swift in Sources */,
				A37A4DB02255EC6B00776258 /* Prefix.swift in Sources */,
				A3291EA522520701004B8DEA /* UserProfile.swift in Sources */,
				A3291EA922521193004B8DEA /* DeviceInfo.swift in Sources */,
				A366D8AF2254EB330050E72D /* ccButtonDesign.swift in Sources */,
				A3B0CA8122576AD900C1BD81 /* LinkedinManager.swift in Sources */,
				A30E0F472252530F00BD8440 /* ResponseHandlerForLogin.swift in Sources */,
				A37A4DAE2255DEDA00776258 /* StoryBoards.swift in Sources */,
				A37A4DAA2255D68000776258 /* EnterOtp.swift in Sources */,
				A33F0AD3225494FB006ABEAE /* FontOfButton.swift in Sources */,
				A33F0AD92254B55F006ABEAE /* SignUpView.swift in Sources */,
				A3291EA722521150004B8DEA /* PhoneNumber.swift in Sources */,
				A33F0ADE2254C1E3006ABEAE /* XMLParser.swift in Sources */,
				A366D8B12254ECB50050E72D /* SocialMediaButtonDesign.swift in Sources */,
				A389D6B52256473F00D86567 /* PutOtp.swift in Sources */,
			);
			runOnlyForDeploymentPostprocessing = 0;
		};
/* End PBXSourcesBuildPhase section */

/* Begin PBXVariantGroup section */
		A3095274224E36260001C48A /* Login.storyboard */ = {
			isa = PBXVariantGroup;
			children = (
				A3095275224E36260001C48A /* Base */,
			);
			name = Login.storyboard;
			sourceTree = "<group>";
		};
		A3095279224E36280001C48A /* LaunchScreen.storyboard */ = {
			isa = PBXVariantGroup;
			children = (
				A309527A224E36280001C48A /* Base */,
			);
			name = LaunchScreen.storyboard;
			sourceTree = "<group>";
		};
/* End PBXVariantGroup section */

/* Begin XCBuildConfiguration section */
		A309527D224E36280001C48A /* Debug */ = {
			isa = XCBuildConfiguration;
			buildSettings = {
				ALWAYS_SEARCH_USER_PATHS = NO;
				CLANG_ANALYZER_NONNULL = YES;
				CLANG_ANALYZER_NUMBER_OBJECT_CONVERSION = YES_AGGRESSIVE;
				CLANG_CXX_LANGUAGE_STANDARD = "gnu++14";
				CLANG_CXX_LIBRARY = "libc++";
				CLANG_ENABLE_MODULES = YES;
				CLANG_ENABLE_OBJC_ARC = YES;
				CLANG_ENABLE_OBJC_WEAK = YES;
				CLANG_WARN_BLOCK_CAPTURE_AUTORELEASING = YES;
				CLANG_WARN_BOOL_CONVERSION = YES;
				CLANG_WARN_COMMA = YES;
				CLANG_WARN_CONSTANT_CONVERSION = YES;
				CLANG_WARN_DEPRECATED_OBJC_IMPLEMENTATIONS = YES;
				CLANG_WARN_DIRECT_OBJC_ISA_USAGE = YES_ERROR;
				CLANG_WARN_DOCUMENTATION_COMMENTS = YES;
				CLANG_WARN_EMPTY_BODY = YES;
				CLANG_WARN_ENUM_CONVERSION = YES;
				CLANG_WARN_INFINITE_RECURSION = YES;
				CLANG_WARN_INT_CONVERSION = YES;
				CLANG_WARN_NON_LITERAL_NULL_CONVERSION = YES;
				CLANG_WARN_OBJC_IMPLICIT_RETAIN_SELF = YES;
				CLANG_WARN_OBJC_LITERAL_CONVERSION = YES;
				CLANG_WARN_OBJC_ROOT_CLASS = YES_ERROR;
				CLANG_WARN_RANGE_LOOP_ANALYSIS = YES;
				CLANG_WARN_STRICT_PROTOTYPES = YES;
				CLANG_WARN_SUSPICIOUS_MOVE = YES;
				CLANG_WARN_UNGUARDED_AVAILABILITY = YES_AGGRESSIVE;
				CLANG_WARN_UNREACHABLE_CODE = YES;
				CLANG_WARN__DUPLICATE_METHOD_MATCH = YES;
				CODE_SIGN_IDENTITY = "iPhone Developer";
				COPY_PHASE_STRIP = NO;
				DEBUG_INFORMATION_FORMAT = dwarf;
				ENABLE_STRICT_OBJC_MSGSEND = YES;
				ENABLE_TESTABILITY = YES;
				GCC_C_LANGUAGE_STANDARD = gnu11;
				GCC_DYNAMIC_NO_PIC = NO;
				GCC_NO_COMMON_BLOCKS = YES;
				GCC_OPTIMIZATION_LEVEL = 0;
				GCC_PREPROCESSOR_DEFINITIONS = (
					"DEBUG=1",
					"$(inherited)",
				);
				GCC_WARN_64_TO_32_BIT_CONVERSION = YES;
				GCC_WARN_ABOUT_RETURN_TYPE = YES_ERROR;
				GCC_WARN_UNDECLARED_SELECTOR = YES;
				GCC_WARN_UNINITIALIZED_AUTOS = YES_AGGRESSIVE;
				GCC_WARN_UNUSED_FUNCTION = YES;
				GCC_WARN_UNUSED_VARIABLE = YES;
				IPHONEOS_DEPLOYMENT_TARGET = 12.1;
				MTL_ENABLE_DEBUG_INFO = INCLUDE_SOURCE;
				MTL_FAST_MATH = YES;
				ONLY_ACTIVE_ARCH = YES;
				OTHER_LDFLAGS = "-ObjC";
				SDKROOT = iphoneos;
				SWIFT_ACTIVE_COMPILATION_CONDITIONS = DEBUG;
				SWIFT_OPTIMIZATION_LEVEL = "-Onone";
			};
			name = Debug;
		};
		A309527E224E36280001C48A /* Release */ = {
			isa = XCBuildConfiguration;
			buildSettings = {
				ALWAYS_SEARCH_USER_PATHS = NO;
				CLANG_ANALYZER_NONNULL = YES;
				CLANG_ANALYZER_NUMBER_OBJECT_CONVERSION = YES_AGGRESSIVE;
				CLANG_CXX_LANGUAGE_STANDARD = "gnu++14";
				CLANG_CXX_LIBRARY = "libc++";
				CLANG_ENABLE_MODULES = YES;
				CLANG_ENABLE_OBJC_ARC = YES;
				CLANG_ENABLE_OBJC_WEAK = YES;
				CLANG_WARN_BLOCK_CAPTURE_AUTORELEASING = YES;
				CLANG_WARN_BOOL_CONVERSION = YES;
				CLANG_WARN_COMMA = YES;
				CLANG_WARN_CONSTANT_CONVERSION = YES;
				CLANG_WARN_DEPRECATED_OBJC_IMPLEMENTATIONS = YES;
				CLANG_WARN_DIRECT_OBJC_ISA_USAGE = YES_ERROR;
				CLANG_WARN_DOCUMENTATION_COMMENTS = YES;
				CLANG_WARN_EMPTY_BODY = YES;
				CLANG_WARN_ENUM_CONVERSION = YES;
				CLANG_WARN_INFINITE_RECURSION = YES;
				CLANG_WARN_INT_CONVERSION = YES;
				CLANG_WARN_NON_LITERAL_NULL_CONVERSION = YES;
				CLANG_WARN_OBJC_IMPLICIT_RETAIN_SELF = YES;
				CLANG_WARN_OBJC_LITERAL_CONVERSION = YES;
				CLANG_WARN_OBJC_ROOT_CLASS = YES_ERROR;
				CLANG_WARN_RANGE_LOOP_ANALYSIS = YES;
				CLANG_WARN_STRICT_PROTOTYPES = YES;
				CLANG_WARN_SUSPICIOUS_MOVE = YES;
				CLANG_WARN_UNGUARDED_AVAILABILITY = YES_AGGRESSIVE;
				CLANG_WARN_UNREACHABLE_CODE = YES;
				CLANG_WARN__DUPLICATE_METHOD_MATCH = YES;
				CODE_SIGN_IDENTITY = "iPhone Developer";
				COPY_PHASE_STRIP = NO;
				DEBUG_INFORMATION_FORMAT = "dwarf-with-dsym";
				ENABLE_NS_ASSERTIONS = NO;
				ENABLE_STRICT_OBJC_MSGSEND = YES;
				GCC_C_LANGUAGE_STANDARD = gnu11;
				GCC_NO_COMMON_BLOCKS = YES;
				GCC_WARN_64_TO_32_BIT_CONVERSION = YES;
				GCC_WARN_ABOUT_RETURN_TYPE = YES_ERROR;
				GCC_WARN_UNDECLARED_SELECTOR = YES;
				GCC_WARN_UNINITIALIZED_AUTOS = YES_AGGRESSIVE;
				GCC_WARN_UNUSED_FUNCTION = YES;
				GCC_WARN_UNUSED_VARIABLE = YES;
				IPHONEOS_DEPLOYMENT_TARGET = 12.1;
				MTL_ENABLE_DEBUG_INFO = NO;
				MTL_FAST_MATH = YES;
				OTHER_LDFLAGS = "-ObjC";
				SDKROOT = iphoneos;
				SWIFT_COMPILATION_MODE = wholemodule;
				SWIFT_OPTIMIZATION_LEVEL = "-O";
				VALIDATE_PRODUCT = YES;
			};
			name = Release;
		};
		A3095280224E36280001C48A /* Debug */ = {
			isa = XCBuildConfiguration;
			baseConfigurationReference = E8F32A1EC6953DDEE05D930C /* Pods-MentorzLoginSignUpFlow.debug.xcconfig */;
			buildSettings = {
				ASSETCATALOG_COMPILER_APPICON_NAME = AppIcon;
				CLANG_ENABLE_MODULES = YES;
				CODE_SIGN_ENTITLEMENTS = MentorzLoginSignUpFlow/MentorzLoginSignUpFlow.entitlements;
				CODE_SIGN_STYLE = Manual;
				DEVELOPMENT_TEAM = "";
				FRAMEWORK_SEARCH_PATHS = (
					"$(inherited)",
					"$(PROJECT_DIR)/MentorzLoginSignUpFlow",
				);
				INFOPLIST_FILE = MentorzLoginSignUpFlow/Info.plist;
				LD_RUNPATH_SEARCH_PATHS = (
					"$(inherited)",
					"@executable_path/Frameworks",
				);
				PRODUCT_BUNDLE_IDENTIFIER = com.mentorz;
				PRODUCT_NAME = "$(TARGET_NAME)";
				PROVISIONING_PROFILE_SPECIFIER = "";
				SWIFT_OBJC_BRIDGING_HEADER = "MentorzLoginSignUpFlow/MentorzLoginSignUpFlow-Bridging-Header.h";
				SWIFT_OPTIMIZATION_LEVEL = "-Onone";
				SWIFT_VERSION = 4.2;
				TARGETED_DEVICE_FAMILY = "1,2";
			};
			name = Debug;
		};
		A3095281224E36280001C48A /* Release */ = {
			isa = XCBuildConfiguration;
			baseConfigurationReference = 67B4B3800E41AF89CC77D446 /* Pods-MentorzLoginSignUpFlow.release.xcconfig */;
			buildSettings = {
				ASSETCATALOG_COMPILER_APPICON_NAME = AppIcon;
				CLANG_ENABLE_MODULES = YES;
				CODE_SIGN_ENTITLEMENTS = MentorzLoginSignUpFlow/MentorzLoginSignUpFlow.entitlements;
				CODE_SIGN_STYLE = Manual;
				DEVELOPMENT_TEAM = "";
				FRAMEWORK_SEARCH_PATHS = (
					"$(inherited)",
					"$(PROJECT_DIR)/MentorzLoginSignUpFlow",
				);
				INFOPLIST_FILE = MentorzLoginSignUpFlow/Info.plist;
				LD_RUNPATH_SEARCH_PATHS = (
					"$(inherited)",
					"@executable_path/Frameworks",
				);
				PRODUCT_BUNDLE_IDENTIFIER = com.mentorz;
				PRODUCT_NAME = "$(TARGET_NAME)";
				PROVISIONING_PROFILE_SPECIFIER = "";
				SWIFT_OBJC_BRIDGING_HEADER = "MentorzLoginSignUpFlow/MentorzLoginSignUpFlow-Bridging-Header.h";
				SWIFT_VERSION = 4.2;
				TARGETED_DEVICE_FAMILY = "1,2";
			};
			name = Release;
		};
/* End XCBuildConfiguration section */

/* Begin XCConfigurationList section */
		A3095268224E36260001C48A /* Build configuration list for PBXProject "MentorzLoginSignUpFlow" */ = {
			isa = XCConfigurationList;
			buildConfigurations = (
				A309527D224E36280001C48A /* Debug */,
				A309527E224E36280001C48A /* Release */,
			);
			defaultConfigurationIsVisible = 0;
			defaultConfigurationName = Release;
		};
		A309527F224E36280001C48A /* Build configuration list for PBXNativeTarget "MentorzLoginSignUpFlow" */ = {
			isa = XCConfigurationList;
			buildConfigurations = (
				A3095280224E36280001C48A /* Debug */,
				A3095281224E36280001C48A /* Release */,
			);
			defaultConfigurationIsVisible = 0;
			defaultConfigurationName = Release;
		};
/* End XCConfigurationList section */
	};
	rootObject = A3095265224E36260001C48A /* Project object */;
}
